
Microsoft Visual Studio Solution File, Format Version 12.00
# Visual Studio 14
VisualStudioVersion = 14.0.25420.1
MinimumVisualStudioVersion = 10.0.40219.1
Project("{8BC9CEB8-8B4A-11D0-8D11-00A0C91BC942}") = "KCCore", "KCCore\KCCore.vcxproj", "{13112914-2B43-4546-A34F-41F7262D70AA}"
EndProject
Project("{8BC9CEB8-8B4A-11D0-8D11-00A0C91BC942}") = "KCColors", "KCColors\KCColors.vcxproj", "{B769C42F-0CC4-49A2-A345-371938499A9A}"
EndProject
Project("{8BC9CEB8-8B4A-11D0-8D11-00A0C91BC942}") = "KCMusic", "KCMusic\KCMusic.vcxproj", "{F2ED7B0A-3B97-44B3-958D-133520B0A026}"
EndProject
Project("{8BC9CEB8-8B4A-11D0-8D11-00A0C91BC942}") = "KCController", "KCController\KCController.vcxproj", "{412ED99E-9C41-4761-8079-405F3B404B39}"
EndProject
Project("{8BC9CEB8-8B4A-11D0-8D11-00A0C91BC942}") = "KCLists", "KCLists\KCLists.vcxproj", "{786F2A7E-8C0E-4D76-92B7-1F4F3C2890C6}"
EndProject
Project("{8BC9CEB8-8B4A-11D0-8D11-00A0C91BC942}") = "KCLinkedLists", "KCLinkedLists\KCLinkedLists.vcxproj", "{3FF793BB-0B5A-47E5-AC60-B2B5AB437ACB}"
EndProject
Project("{8BC9CEB8-8B4A-11D0-8D11-00A0C91BC942}") = "KCCircleLists", "KCCircleLists\KCCircleLists.vcxproj", "{9C6B0885-6C18-4436-B4CD-5D77B156265A}"
EndProject
Project("{8BC9CEB8-8B4A-11D0-8D11-00A0C91BC942}") = "KCStacks", "KCStacks\KCStacks.vcxproj", "{74F022A5-223C-43BF-9D66-AEA02AAC8089}"
EndProject
Global
	GlobalSection(SolutionConfigurationPlatforms) = preSolution
		Debug|x64 = Debug|x64
		Debug|x86 = Debug|x86
		Release|x64 = Release|x64
		Release|x86 = Release|x86
	EndGlobalSection
	GlobalSection(ProjectConfigurationPlatforms) = postSolution
		{13112914-2B43-4546-A34F-41F7262D70AA}.Debug|x64.ActiveCfg = Debug|x64
		{13112914-2B43-4546-A34F-41F7262D70AA}.Debug|x64.Build.0 = Debug|x64
		{13112914-2B43-4546-A34F-41F7262D70AA}.Debug|x86.ActiveCfg = Debug|Win32
		{13112914-2B43-4546-A34F-41F7262D70AA}.Debug|x86.Build.0 = Debug|Win32
		{13112914-2B43-4546-A34F-41F7262D70AA}.Release|x64.ActiveCfg = Release|x64
		{13112914-2B43-4546-A34F-41F7262D70AA}.Release|x64.Build.0 = Release|x64
		{13112914-2B43-4546-A34F-41F7262D70AA}.Release|x86.ActiveCfg = Release|Win32
		{13112914-2B43-4546-A34F-41F7262D70AA}.Release|x86.Build.0 = Release|Win32
		{B769C42F-0CC4-49A2-A345-371938499A9A}.Debug|x64.ActiveCfg = Debug|x64
		{B769C42F-0CC4-49A2-A345-371938499A9A}.Debug|x64.Build.0 = Debug|x64
		{B769C42F-0CC4-49A2-A345-371938499A9A}.Debug|x86.ActiveCfg = Debug|Win32
		{B769C42F-0CC4-49A2-A345-371938499A9A}.Debug|x86.Build.0 = Debug|Win32
		{B769C42F-0CC4-49A2-A345-371938499A9A}.Release|x64.ActiveCfg = Release|x64
		{B769C42F-0CC4-49A2-A345-371938499A9A}.Release|x64.Build.0 = Release|x64
		{B769C42F-0CC4-49A2-A345-371938499A9A}.Release|x86.ActiveCfg = Release|Win32
		{B769C42F-0CC4-49A2-A345-371938499A9A}.Release|x86.Build.0 = Release|Win32
		{F2ED7B0A-3B97-44B3-958D-133520B0A026}.Debug|x64.ActiveCfg = Debug|x64
		{F2ED7B0A-3B97-44B3-958D-133520B0A026}.Debug|x64.Build.0 = Debug|x64
		{F2ED7B0A-3B97-44B3-958D-133520B0A026}.Debug|x86.ActiveCfg = Debug|Win32
		{F2ED7B0A-3B97-44B3-958D-133520B0A026}.Debug|x86.Build.0 = Debug|Win32
		{F2ED7B0A-3B97-44B3-958D-133520B0A026}.Release|x64.ActiveCfg = Release|x64
		{F2ED7B0A-3B97-44B3-958D-133520B0A026}.Release|x64.Build.0 = Release|x64
		{F2ED7B0A-3B97-44B3-958D-133520B0A026}.Release|x86.ActiveCfg = Release|Win32
		{F2ED7B0A-3B97-44B3-958D-133520B0A026}.Release|x86.Build.0 = Release|Win32
		{412ED99E-9C41-4761-8079-405F3B404B39}.Debug|x64.ActiveCfg = Debug|x64
		{412ED99E-9C41-4761-8079-405F3B404B39}.Debug|x64.Build.0 = Debug|x64
		{412ED99E-9C41-4761-8079-405F3B404B39}.Debug|x86.ActiveCfg = Debug|Win32
		{412ED99E-9C41-4761-8079-405F3B404B39}.Debug|x86.Build.0 = Debug|Win32
		{412ED99E-9C41-4761-8079-405F3B404B39}.Release|x64.ActiveCfg = Release|x64
		{412ED99E-9C41-4761-8079-405F3B404B39}.Release|x64.Build.0 = Release|x64
		{412ED99E-9C41-4761-8079-405F3B404B39}.Release|x86.ActiveCfg = Release|Win32
		{412ED99E-9C41-4761-8079-405F3B404B39}.Release|x86.Build.0 = Release|Win32
		{786F2A7E-8C0E-4D76-92B7-1F4F3C2890C6}.Debug|x64.ActiveCfg = Debug|x64
		{786F2A7E-8C0E-4D76-92B7-1F4F3C2890C6}.Debug|x86.ActiveCfg = Debug|Win32
		{786F2A7E-8C0E-4D76-92B7-1F4F3C2890C6}.Release|x64.ActiveCfg = Release|x64
		{786F2A7E-8C0E-4D76-92B7-1F4F3C2890C6}.Release|x86.ActiveCfg = Release|Win32
		{3FF793BB-0B5A-47E5-AC60-B2B5AB437ACB}.Debug|x64.ActiveCfg = Debug|x64
		{3FF793BB-0B5A-47E5-AC60-B2B5AB437ACB}.Debug|x86.ActiveCfg = Debug|Win32
		{3FF793BB-0B5A-47E5-AC60-B2B5AB437ACB}.Release|x64.ActiveCfg = Release|x64
		{3FF793BB-0B5A-47E5-AC60-B2B5AB437ACB}.Release|x86.ActiveCfg = Release|Win32
		{9C6B0885-6C18-4436-B4CD-5D77B156265A}.Debug|x64.ActiveCfg = Debug|x64
		{9C6B0885-6C18-4436-B4CD-5D77B156265A}.Debug|x86.ActiveCfg = Debug|Win32
		{9C6B0885-6C18-4436-B4CD-5D77B156265A}.Release|x64.ActiveCfg = Release|x64
		{9C6B0885-6C18-4436-B4CD-5D77B156265A}.Release|x86.ActiveCfg = Release|Win32
		{74F022A5-223C-43BF-9D66-AEA02AAC8089}.Debug|x64.ActiveCfg = Debug|x64
		{74F022A5-223C-43BF-9D66-AEA02AAC8089}.Debug|x64.Build.0 = Debug|x64
		{74F022A5-223C-43BF-9D66-AEA02AAC8089}.Debug|x86.ActiveCfg = Debug|Win32
		{74F022A5-223C-43BF-9D66-AEA02AAC8089}.Debug|x86.Build.0 = Debug|Win32
		{74F022A5-223C-43BF-9D66-AEA02AAC8089}.Release|x64.ActiveCfg = Release|x64
		{74F022A5-223C-43BF-9D66-AEA02AAC8089}.Release|x64.Build.0 = Release|x64
		{74F022A5-223C-43BF-9D66-AEA02AAC8089}.Release|x86.ActiveCfg = Release|Win32
		{74F022A5-223C-43BF-9D66-AEA02AAC8089}.Release|x86.Build.0 = Release|Win32
	EndGlobalSection
	GlobalSection(SolutionProperties) = preSolution
		HideSolutionNode = FALSE
	EndGlobalSection
EndGlobal
